
Microsoft Visual Studio Solution File, Format Version 12.00
# Visual Studio Version 17
VisualStudioVersion = 17.11.35222.181
MinimumVisualStudioVersion = 10.0.40219.1
Project("{8BC9CEB8-8B4A-11D0-8D11-00A0C91BC942}") = "lab_10_1_B", "lab_10_1_B\lab_10_1_B.vcxproj", "{E44182E9-836E-4D6D-9E9E-4723C79093B7}"
EndProject
Project("{8BC9CEB8-8B4A-11D0-8D11-00A0C91BC942}") = "UnitTest", "UnitTest\UnitTest.vcxproj", "{276AB076-BC46-436E-801B-BAEFD2079E52}"
EndProject
Global
	GlobalSection(SolutionConfigurationPlatforms) = preSolution
		Debug|x64 = Debug|x64
		Debug|x86 = Debug|x86
		Release|x64 = Release|x64
		Release|x86 = Release|x86
	EndGlobalSection
	GlobalSection(ProjectConfigurationPlatforms) = postSolution
		{E44182E9-836E-4D6D-9E9E-4723C79093B7}.Debug|x64.ActiveCfg = Debug|x64
		{E44182E9-836E-4D6D-9E9E-4723C79093B7}.Debug|x64.Build.0 = Debug|x64
		{E44182E9-836E-4D6D-9E9E-4723C79093B7}.Debug|x86.ActiveCfg = Debug|Win32
		{E44182E9-836E-4D6D-9E9E-4723C79093B7}.Debug|x86.Build.0 = Debug|Win32
		{E44182E9-836E-4D6D-9E9E-4723C79093B7}.Release|x64.ActiveCfg = Release|x64
		{E44182E9-836E-4D6D-9E9E-4723C79093B7}.Release|x64.Build.0 = Release|x64
		{E44182E9-836E-4D6D-9E9E-4723C79093B7}.Release|x86.ActiveCfg = Release|Win32
		{E44182E9-836E-4D6D-9E9E-4723C79093B7}.Release|x86.Build.0 = Release|Win32
		{276AB076-BC46-436E-801B-BAEFD2079E52}.Debug|x64.ActiveCfg = Debug|x64
		{276AB076-BC46-436E-801B-BAEFD2079E52}.Debug|x64.Build.0 = Debug|x64
		{276AB076-BC46-436E-801B-BAEFD2079E52}.Debug|x86.ActiveCfg = Debug|Win32
		{276AB076-BC46-436E-801B-BAEFD2079E52}.Debug|x86.Build.0 = Debug|Win32
		{276AB076-BC46-436E-801B-BAEFD2079E52}.Release|x64.ActiveCfg = Release|x64
		{276AB076-BC46-436E-801B-BAEFD2079E52}.Release|x64.Build.0 = Release|x64
		{276AB076-BC46-436E-801B-BAEFD2079E52}.Release|x86.ActiveCfg = Release|Win32
		{276AB076-BC46-436E-801B-BAEFD2079E52}.Release|x86.Build.0 = Release|Win32
	EndGlobalSection
	GlobalSection(SolutionProperties) = preSolution
		HideSolutionNode = FALSE
	EndGlobalSection
	GlobalSection(ExtensibilityGlobals) = postSolution
		SolutionGuid = {A7DCE1E4-55A8-42C9-934F-CE57C3BC824F}
	EndGlobalSection
EndGlobal
